
Microsoft Visual Studio Solution File, Format Version 12.00
# Visual Studio Version 17
VisualStudioVersion = 17.4.33403.182
MinimumVisualStudioVersion = 10.0.40219.1
Project("{9A19103F-16F7-4668-BE54-9A1E7A4F7556}") = "CS_project1", "CS_project1\CS_project1.csproj", "{0745E073-DD6B-442C-895D-683501BCCFF5}"
EndProject
Project("{9A19103F-16F7-4668-BE54-9A1E7A4F7556}") = "DriverCatalogImporter", "DriverCatalogImporter\DriverCatalogImporter.csproj", "{67FE0B36-43A3-488B-A3AA-C44B1C07B488}"
EndProject
Project("{9A19103F-16F7-4668-BE54-9A1E7A4F7556}") = "NReco.Logging.File", "..\..\..\..\..\ws\nreco-logging\src\NReco.Logging.File\NReco.Logging.File.csproj", "{CBD1D1D7-ADCE-4C93-9FCF-09F88D9682D7}"
EndProject
Project("{9A19103F-16F7-4668-BE54-9A1E7A4F7556}") = "NReco.Logging.Tests", "..\..\..\..\..\ws\nreco-logging\test\NReco.Logging.Tests\NReco.Logging.Tests.csproj", "{48027AB8-8FBD-48C2-9DBF-9146A330CBA2}"
EndProject
Project("{9A19103F-16F7-4668-BE54-9A1E7A4F7556}") = "DriverCatalogImportConsoleApp", "DriverCatalogImportConsoleApp\DriverCatalogImportConsoleApp.csproj", "{FCC0CF7B-4A1B-4E69-8C5C-054F59E44FFD}"
EndProject
Project("{FAE04EC0-301F-11D3-BF4B-00C04F79EFBC}") = "DriverCatalogImportWinService", "DriverCatalogImportWinService\DriverCatalogImportWinService.csproj", "{84DBF57A-4334-4ED7-B428-976FEA731D54}"
	ProjectSection(ProjectDependencies) = postProject
		{67FE0B36-43A3-488B-A3AA-C44B1C07B488} = {67FE0B36-43A3-488B-A3AA-C44B1C07B488}
	EndProjectSection
EndProject
Project("{FAE04EC0-301F-11D3-BF4B-00C04F79EFBC}") = "DriverCatalogImportWinLib", "DriverCatalogImportWinLib\DriverCatalogImportWinLib.csproj", "{83D8D68A-8933-450A-A3EB-3083A48D6960}"
EndProject
Project("{FAE04EC0-301F-11D3-BF4B-00C04F79EFBC}") = "NetFrameworkConsoleApp1", "NetFrameworkConsoleApp1\NetFrameworkConsoleApp1.csproj", "{A9D1F3DF-5876-4BB5-96FD-0DFF526E9788}"
EndProject
Project("{FAE04EC0-301F-11D3-BF4B-00C04F79EFBC}") = "DriverCatalogImportNetFrameworkConsoleApp", "DriverCatalogImportNetFrameworkConsoleApp\DriverCatalogImportNetFrameworkConsoleApp.csproj", "{754D2383-B9F5-4EE7-867D-63BC1700DA31}"
EndProject
Project("{9A19103F-16F7-4668-BE54-9A1E7A4F7556}") = "DriverCatalogImportWorkerService", "DriverCatalogImportWorkerService\DriverCatalogImportWorkerService.csproj", "{CC4EC887-AD84-4809-AC52-433F0CDBC6EC}"
EndProject
Project("{B7DD6F7E-DEF8-4E67-B5B7-07EF123DB6F0}") = "DriverCatalogImportWixPkg", "DriverCatalogImportWixPkg\DriverCatalogImportWixPkg.wixproj", "{D922BF0D-863B-4F86-A998-4291B12A598E}"
EndProject
Global
	GlobalSection(SolutionConfigurationPlatforms) = preSolution
		Debug|Any CPU = Debug|Any CPU
		Debug|ARM64 = Debug|ARM64
		Debug|x64 = Debug|x64
		Debug|x86 = Debug|x86
		Release|Any CPU = Release|Any CPU
		Release|ARM64 = Release|ARM64
		Release|x64 = Release|x64
		Release|x86 = Release|x86
	EndGlobalSection
	GlobalSection(ProjectConfigurationPlatforms) = postSolution
		{0745E073-DD6B-442C-895D-683501BCCFF5}.Debug|Any CPU.ActiveCfg = Debug|Any CPU
		{0745E073-DD6B-442C-895D-683501BCCFF5}.Debug|Any CPU.Build.0 = Debug|Any CPU
		{0745E073-DD6B-442C-895D-683501BCCFF5}.Debug|ARM64.ActiveCfg = Debug|Any CPU
		{0745E073-DD6B-442C-895D-683501BCCFF5}.Debug|ARM64.Build.0 = Debug|Any CPU
		{0745E073-DD6B-442C-895D-683501BCCFF5}.Debug|x64.ActiveCfg = Debug|Any CPU
		{0745E073-DD6B-442C-895D-683501BCCFF5}.Debug|x64.Build.0 = Debug|Any CPU
		{0745E073-DD6B-442C-895D-683501BCCFF5}.Debug|x86.ActiveCfg = Debug|Any CPU
		{0745E073-DD6B-442C-895D-683501BCCFF5}.Debug|x86.Build.0 = Debug|Any CPU
		{0745E073-DD6B-442C-895D-683501BCCFF5}.Release|Any CPU.ActiveCfg = Release|Any CPU
		{0745E073-DD6B-442C-895D-683501BCCFF5}.Release|Any CPU.Build.0 = Release|Any CPU
		{0745E073-DD6B-442C-895D-683501BCCFF5}.Release|ARM64.ActiveCfg = Release|Any CPU
		{0745E073-DD6B-442C-895D-683501BCCFF5}.Release|ARM64.Build.0 = Release|Any CPU
		{0745E073-DD6B-442C-895D-683501BCCFF5}.Release|x64.ActiveCfg = Release|Any CPU
		{0745E073-DD6B-442C-895D-683501BCCFF5}.Release|x64.Build.0 = Release|Any CPU
		{0745E073-DD6B-442C-895D-683501BCCFF5}.Release|x86.ActiveCfg = Release|Any CPU
		{0745E073-DD6B-442C-895D-683501BCCFF5}.Release|x86.Build.0 = Release|Any CPU
		{67FE0B36-43A3-488B-A3AA-C44B1C07B488}.Debug|Any CPU.ActiveCfg = Debug|Any CPU
		{67FE0B36-43A3-488B-A3AA-C44B1C07B488}.Debug|Any CPU.Build.0 = Debug|Any CPU
		{67FE0B36-43A3-488B-A3AA-C44B1C07B488}.Debug|ARM64.ActiveCfg = Debug|Any CPU
		{67FE0B36-43A3-488B-A3AA-C44B1C07B488}.Debug|ARM64.Build.0 = Debug|Any CPU
		{67FE0B36-43A3-488B-A3AA-C44B1C07B488}.Debug|x64.ActiveCfg = Debug|Any CPU
		{67FE0B36-43A3-488B-A3AA-C44B1C07B488}.Debug|x64.Build.0 = Debug|Any CPU
		{67FE0B36-43A3-488B-A3AA-C44B1C07B488}.Debug|x86.ActiveCfg = Debug|Any CPU
		{67FE0B36-43A3-488B-A3AA-C44B1C07B488}.Debug|x86.Build.0 = Debug|Any CPU
		{67FE0B36-43A3-488B-A3AA-C44B1C07B488}.Release|Any CPU.ActiveCfg = Release|Any CPU
		{67FE0B36-43A3-488B-A3AA-C44B1C07B488}.Release|Any CPU.Build.0 = Release|Any CPU
		{67FE0B36-43A3-488B-A3AA-C44B1C07B488}.Release|ARM64.ActiveCfg = Release|Any CPU
		{67FE0B36-43A3-488B-A3AA-C44B1C07B488}.Release|ARM64.Build.0 = Release|Any CPU
		{67FE0B36-43A3-488B-A3AA-C44B1C07B488}.Release|x64.ActiveCfg = Release|Any CPU
		{67FE0B36-43A3-488B-A3AA-C44B1C07B488}.Release|x64.Build.0 = Release|Any CPU
		{67FE0B36-43A3-488B-A3AA-C44B1C07B488}.Release|x86.ActiveCfg = Release|Any CPU
		{67FE0B36-43A3-488B-A3AA-C44B1C07B488}.Release|x86.Build.0 = Release|Any CPU
		{CBD1D1D7-ADCE-4C93-9FCF-09F88D9682D7}.Debug|Any CPU.ActiveCfg = Debug|Any CPU
		{CBD1D1D7-ADCE-4C93-9FCF-09F88D9682D7}.Debug|Any CPU.Build.0 = Debug|Any CPU
		{CBD1D1D7-ADCE-4C93-9FCF-09F88D9682D7}.Debug|ARM64.ActiveCfg = Debug|Any CPU
		{CBD1D1D7-ADCE-4C93-9FCF-09F88D9682D7}.Debug|ARM64.Build.0 = Debug|Any CPU
		{CBD1D1D7-ADCE-4C93-9FCF-09F88D9682D7}.Debug|x64.ActiveCfg = Debug|Any CPU
		{CBD1D1D7-ADCE-4C93-9FCF-09F88D9682D7}.Debug|x64.Build.0 = Debug|Any CPU
		{CBD1D1D7-ADCE-4C93-9FCF-09F88D9682D7}.Debug|x86.ActiveCfg = Debug|Any CPU
		{CBD1D1D7-ADCE-4C93-9FCF-09F88D9682D7}.Debug|x86.Build.0 = Debug|Any CPU
		{CBD1D1D7-ADCE-4C93-9FCF-09F88D9682D7}.Release|Any CPU.ActiveCfg = Release|Any CPU
		{CBD1D1D7-ADCE-4C93-9FCF-09F88D9682D7}.Release|Any CPU.Build.0 = Release|Any CPU
		{CBD1D1D7-ADCE-4C93-9FCF-09F88D9682D7}.Release|ARM64.ActiveCfg = Release|Any CPU
		{CBD1D1D7-ADCE-4C93-9FCF-09F88D9682D7}.Release|ARM64.Build.0 = Release|Any CPU
		{CBD1D1D7-ADCE-4C93-9FCF-09F88D9682D7}.Release|x64.ActiveCfg = Release|Any CPU
		{CBD1D1D7-ADCE-4C93-9FCF-09F88D9682D7}.Release|x64.Build.0 = Release|Any CPU
		{CBD1D1D7-ADCE-4C93-9FCF-09F88D9682D7}.Release|x86.ActiveCfg = Release|Any CPU
		{CBD1D1D7-ADCE-4C93-9FCF-09F88D9682D7}.Release|x86.Build.0 = Release|Any CPU
		{48027AB8-8FBD-48C2-9DBF-9146A330CBA2}.Debug|Any CPU.ActiveCfg = Debug|Any CPU
		{48027AB8-8FBD-48C2-9DBF-9146A330CBA2}.Debug|Any CPU.Build.0 = Debug|Any CPU
		{48027AB8-8FBD-48C2-9DBF-9146A330CBA2}.Debug|ARM64.ActiveCfg = Debug|Any CPU
		{48027AB8-8FBD-48C2-9DBF-9146A330CBA2}.Debug|ARM64.Build.0 = Debug|Any CPU
		{48027AB8-8FBD-48C2-9DBF-9146A330CBA2}.Debug|x64.ActiveCfg = Debug|Any CPU
		{48027AB8-8FBD-48C2-9DBF-9146A330CBA2}.Debug|x64.Build.0 = Debug|Any CPU
		{48027AB8-8FBD-48C2-9DBF-9146A330CBA2}.Debug|x86.ActiveCfg = Debug|Any CPU
		{48027AB8-8FBD-48C2-9DBF-9146A330CBA2}.Debug|x86.Build.0 = Debug|Any CPU
		{48027AB8-8FBD-48C2-9DBF-9146A330CBA2}.Release|Any CPU.ActiveCfg = Release|Any CPU
		{48027AB8-8FBD-48C2-9DBF-9146A330CBA2}.Release|Any CPU.Build.0 = Release|Any CPU
		{48027AB8-8FBD-48C2-9DBF-9146A330CBA2}.Release|ARM64.ActiveCfg = Release|Any CPU
		{48027AB8-8FBD-48C2-9DBF-9146A330CBA2}.Release|ARM64.Build.0 = Release|Any CPU
		{48027AB8-8FBD-48C2-9DBF-9146A330CBA2}.Release|x64.ActiveCfg = Release|Any CPU
		{48027AB8-8FBD-48C2-9DBF-9146A330CBA2}.Release|x64.Build.0 = Release|Any CPU
		{48027AB8-8FBD-48C2-9DBF-9146A330CBA2}.Release|x86.ActiveCfg = Release|Any CPU
		{48027AB8-8FBD-48C2-9DBF-9146A330CBA2}.Release|x86.Build.0 = Release|Any CPU
		{FCC0CF7B-4A1B-4E69-8C5C-054F59E44FFD}.Debug|Any CPU.ActiveCfg = Debug|Any CPU
		{FCC0CF7B-4A1B-4E69-8C5C-054F59E44FFD}.Debug|Any CPU.Build.0 = Debug|Any CPU
		{FCC0CF7B-4A1B-4E69-8C5C-054F59E44FFD}.Debug|ARM64.ActiveCfg = Debug|Any CPU
		{FCC0CF7B-4A1B-4E69-8C5C-054F59E44FFD}.Debug|ARM64.Build.0 = Debug|Any CPU
		{FCC0CF7B-4A1B-4E69-8C5C-054F59E44FFD}.Debug|x64.ActiveCfg = Debug|Any CPU
		{FCC0CF7B-4A1B-4E69-8C5C-054F59E44FFD}.Debug|x64.Build.0 = Debug|Any CPU
		{FCC0CF7B-4A1B-4E69-8C5C-054F59E44FFD}.Debug|x86.ActiveCfg = Debug|Any CPU
		{FCC0CF7B-4A1B-4E69-8C5C-054F59E44FFD}.Debug|x86.Build.0 = Debug|Any CPU
		{FCC0CF7B-4A1B-4E69-8C5C-054F59E44FFD}.Release|Any CPU.ActiveCfg = Release|Any CPU
		{FCC0CF7B-4A1B-4E69-8C5C-054F59E44FFD}.Release|Any CPU.Build.0 = Release|Any CPU
		{FCC0CF7B-4A1B-4E69-8C5C-054F59E44FFD}.Release|ARM64.ActiveCfg = Release|Any CPU
		{FCC0CF7B-4A1B-4E69-8C5C-054F59E44FFD}.Release|ARM64.Build.0 = Release|Any CPU
		{FCC0CF7B-4A1B-4E69-8C5C-054F59E44FFD}.Release|x64.ActiveCfg = Release|Any CPU
		{FCC0CF7B-4A1B-4E69-8C5C-054F59E44FFD}.Release|x64.Build.0 = Release|Any CPU
		{FCC0CF7B-4A1B-4E69-8C5C-054F59E44FFD}.Release|x86.ActiveCfg = Release|Any CPU
		{FCC0CF7B-4A1B-4E69-8C5C-054F59E44FFD}.Release|x86.Build.0 = Release|Any CPU
		{84DBF57A-4334-4ED7-B428-976FEA731D54}.Debug|Any CPU.ActiveCfg = Debug|Any CPU
		{84DBF57A-4334-4ED7-B428-976FEA731D54}.Debug|Any CPU.Build.0 = Debug|Any CPU
		{84DBF57A-4334-4ED7-B428-976FEA731D54}.Debug|ARM64.ActiveCfg = Debug|Any CPU
		{84DBF57A-4334-4ED7-B428-976FEA731D54}.Debug|x64.ActiveCfg = Debug|Any CPU
		{84DBF57A-4334-4ED7-B428-976FEA731D54}.Debug|x86.ActiveCfg = Debug|Any CPU
		{84DBF57A-4334-4ED7-B428-976FEA731D54}.Release|Any CPU.ActiveCfg = Release|Any CPU
		{84DBF57A-4334-4ED7-B428-976FEA731D54}.Release|Any CPU.Build.0 = Release|Any CPU
		{84DBF57A-4334-4ED7-B428-976FEA731D54}.Release|ARM64.ActiveCfg = Release|Any CPU
		{84DBF57A-4334-4ED7-B428-976FEA731D54}.Release|x64.ActiveCfg = Release|Any CPU
		{84DBF57A-4334-4ED7-B428-976FEA731D54}.Release|x86.ActiveCfg = Release|Any CPU
		{83D8D68A-8933-450A-A3EB-3083A48D6960}.Debug|Any CPU.ActiveCfg = Debug|Any CPU
		{83D8D68A-8933-450A-A3EB-3083A48D6960}.Debug|Any CPU.Build.0 = Debug|Any CPU
		{83D8D68A-8933-450A-A3EB-3083A48D6960}.Debug|ARM64.ActiveCfg = Debug|Any CPU
		{83D8D68A-8933-450A-A3EB-3083A48D6960}.Debug|ARM64.Build.0 = Debug|Any CPU
		{83D8D68A-8933-450A-A3EB-3083A48D6960}.Debug|x64.ActiveCfg = Debug|Any CPU
		{83D8D68A-8933-450A-A3EB-3083A48D6960}.Debug|x64.Build.0 = Debug|Any CPU
		{83D8D68A-8933-450A-A3EB-3083A48D6960}.Debug|x86.ActiveCfg = Debug|Any CPU
		{83D8D68A-8933-450A-A3EB-3083A48D6960}.Debug|x86.Build.0 = Debug|Any CPU
		{83D8D68A-8933-450A-A3EB-3083A48D6960}.Release|Any CPU.ActiveCfg = Release|Any CPU
		{83D8D68A-8933-450A-A3EB-3083A48D6960}.Release|Any CPU.Build.0 = Release|Any CPU
		{83D8D68A-8933-450A-A3EB-3083A48D6960}.Release|ARM64.ActiveCfg = Release|Any CPU
		{83D8D68A-8933-450A-A3EB-3083A48D6960}.Release|ARM64.Build.0 = Release|Any CPU
		{83D8D68A-8933-450A-A3EB-3083A48D6960}.Release|x64.ActiveCfg = Release|Any CPU
		{83D8D68A-8933-450A-A3EB-3083A48D6960}.Release|x64.Build.0 = Release|Any CPU
		{83D8D68A-8933-450A-A3EB-3083A48D6960}.Release|x86.ActiveCfg = Release|Any CPU
		{83D8D68A-8933-450A-A3EB-3083A48D6960}.Release|x86.Build.0 = Release|Any CPU
		{A9D1F3DF-5876-4BB5-96FD-0DFF526E9788}.Debug|Any CPU.ActiveCfg = Debug|Any CPU
		{A9D1F3DF-5876-4BB5-96FD-0DFF526E9788}.Debug|Any CPU.Build.0 = Debug|Any CPU
		{A9D1F3DF-5876-4BB5-96FD-0DFF526E9788}.Debug|ARM64.ActiveCfg = Debug|Any CPU
		{A9D1F3DF-5876-4BB5-96FD-0DFF526E9788}.Debug|x64.ActiveCfg = Debug|Any CPU
		{A9D1F3DF-5876-4BB5-96FD-0DFF526E9788}.Debug|x86.ActiveCfg = Debug|Any CPU
		{A9D1F3DF-5876-4BB5-96FD-0DFF526E9788}.Release|Any CPU.ActiveCfg = Release|Any CPU
		{A9D1F3DF-5876-4BB5-96FD-0DFF526E9788}.Release|Any CPU.Build.0 = Release|Any CPU
		{A9D1F3DF-5876-4BB5-96FD-0DFF526E9788}.Release|ARM64.ActiveCfg = Release|Any CPU
		{A9D1F3DF-5876-4BB5-96FD-0DFF526E9788}.Release|x64.ActiveCfg = Release|Any CPU
		{A9D1F3DF-5876-4BB5-96FD-0DFF526E9788}.Release|x86.ActiveCfg = Release|Any CPU
		{754D2383-B9F5-4EE7-867D-63BC1700DA31}.Debug|Any CPU.ActiveCfg = Debug|Any CPU
		{754D2383-B9F5-4EE7-867D-63BC1700DA31}.Debug|Any CPU.Build.0 = Debug|Any CPU
		{754D2383-B9F5-4EE7-867D-63BC1700DA31}.Debug|ARM64.ActiveCfg = Debug|Any CPU
		{754D2383-B9F5-4EE7-867D-63BC1700DA31}.Debug|x64.ActiveCfg = Debug|Any CPU
		{754D2383-B9F5-4EE7-867D-63BC1700DA31}.Debug|x86.ActiveCfg = Debug|Any CPU
		{754D2383-B9F5-4EE7-867D-63BC1700DA31}.Release|Any CPU.ActiveCfg = Release|Any CPU
		{754D2383-B9F5-4EE7-867D-63BC1700DA31}.Release|Any CPU.Build.0 = Release|Any CPU
		{754D2383-B9F5-4EE7-867D-63BC1700DA31}.Release|ARM64.ActiveCfg = Release|Any CPU
		{754D2383-B9F5-4EE7-867D-63BC1700DA31}.Release|x64.ActiveCfg = Release|Any CPU
		{754D2383-B9F5-4EE7-867D-63BC1700DA31}.Release|x86.ActiveCfg = Release|Any CPU
		{CC4EC887-AD84-4809-AC52-433F0CDBC6EC}.Debug|Any CPU.ActiveCfg = Debug|Any CPU
		{CC4EC887-AD84-4809-AC52-433F0CDBC6EC}.Debug|Any CPU.Build.0 = Debug|Any CPU
		{CC4EC887-AD84-4809-AC52-433F0CDBC6EC}.Debug|ARM64.ActiveCfg = Debug|Any CPU
		{CC4EC887-AD84-4809-AC52-433F0CDBC6EC}.Debug|ARM64.Build.0 = Debug|Any CPU
		{CC4EC887-AD84-4809-AC52-433F0CDBC6EC}.Debug|x64.ActiveCfg = Debug|Any CPU
		{CC4EC887-AD84-4809-AC52-433F0CDBC6EC}.Debug|x64.Build.0 = Debug|Any CPU
		{CC4EC887-AD84-4809-AC52-433F0CDBC6EC}.Debug|x86.ActiveCfg = Debug|Any CPU
		{CC4EC887-AD84-4809-AC52-433F0CDBC6EC}.Debug|x86.Build.0 = Debug|Any CPU
		{CC4EC887-AD84-4809-AC52-433F0CDBC6EC}.Release|Any CPU.ActiveCfg = Release|Any CPU
		{CC4EC887-AD84-4809-AC52-433F0CDBC6EC}.Release|Any CPU.Build.0 = Release|Any CPU
		{CC4EC887-AD84-4809-AC52-433F0CDBC6EC}.Release|ARM64.ActiveCfg = Release|Any CPU
		{CC4EC887-AD84-4809-AC52-433F0CDBC6EC}.Release|ARM64.Build.0 = Release|Any CPU
		{CC4EC887-AD84-4809-AC52-433F0CDBC6EC}.Release|x64.ActiveCfg = Release|Any CPU
		{CC4EC887-AD84-4809-AC52-433F0CDBC6EC}.Release|x64.Build.0 = Release|Any CPU
		{CC4EC887-AD84-4809-AC52-433F0CDBC6EC}.Release|x86.ActiveCfg = Release|Any CPU
		{CC4EC887-AD84-4809-AC52-433F0CDBC6EC}.Release|x86.Build.0 = Release|Any CPU
		{D922BF0D-863B-4F86-A998-4291B12A598E}.Debug|Any CPU.ActiveCfg = Debug|x64
		{D922BF0D-863B-4F86-A998-4291B12A598E}.Debug|Any CPU.Build.0 = Debug|x64
		{D922BF0D-863B-4F86-A998-4291B12A598E}.Debug|ARM64.ActiveCfg = Debug|ARM64
		{D922BF0D-863B-4F86-A998-4291B12A598E}.Debug|ARM64.Build.0 = Debug|ARM64
		{D922BF0D-863B-4F86-A998-4291B12A598E}.Debug|x64.ActiveCfg = Debug|x64
		{D922BF0D-863B-4F86-A998-4291B12A598E}.Debug|x64.Build.0 = Debug|x64
		{D922BF0D-863B-4F86-A998-4291B12A598E}.Debug|x86.ActiveCfg = Debug|x86
		{D922BF0D-863B-4F86-A998-4291B12A598E}.Debug|x86.Build.0 = Debug|x86
		{D922BF0D-863B-4F86-A998-4291B12A598E}.Release|Any CPU.ActiveCfg = Release|x64
		{D922BF0D-863B-4F86-A998-4291B12A598E}.Release|Any CPU.Build.0 = Release|x64
		{D922BF0D-863B-4F86-A998-4291B12A598E}.Release|ARM64.ActiveCfg = Release|ARM64
		{D922BF0D-863B-4F86-A998-4291B12A598E}.Release|ARM64.Build.0 = Release|ARM64
		{D922BF0D-863B-4F86-A998-4291B12A598E}.Release|x64.ActiveCfg = Release|x64
		{D922BF0D-863B-4F86-A998-4291B12A598E}.Release|x64.Build.0 = Release|x64
		{D922BF0D-863B-4F86-A998-4291B12A598E}.Release|x86.ActiveCfg = Release|x86
		{D922BF0D-863B-4F86-A998-4291B12A598E}.Release|x86.Build.0 = Release|x86
	EndGlobalSection
	GlobalSection(SolutionProperties) = preSolution
		HideSolutionNode = FALSE
	EndGlobalSection
	GlobalSection(ExtensibilityGlobals) = postSolution
		SolutionGuid = {9B1E0C81-EDEA-4124-99C2-82EF08AFBFF6}
	EndGlobalSection
EndGlobal
